
Microsoft Visual Studio Solution File, Format Version 12.00
# Visual Studio 15
VisualStudioVersion = 15.0.25920.0
MinimumVisualStudioVersion = 10.0.40219.1
Project("{FAE04EC0-301F-11D3-BF4B-00C04F79EFBC}") = "FluentRest", "src\FluentRest\FluentRest.csproj", "{9B8C4F35-F441-43A2-8588-B73168BF0BDC}"
EndProject
Project("{2150E333-8FDC-42A3-9474-1A3956D46DE8}") = "src", "src", "{8E9EC114-FABE-416A-9C9A-6163EAD3F66A}"
EndProject
Project("{2150E333-8FDC-42A3-9474-1A3956D46DE8}") = "test", "test", "{27FAFE5F-206D-4069-BD88-B25C459AC4E4}"
EndProject
Project("{FAE04EC0-301F-11D3-BF4B-00C04F79EFBC}") = "FluentRest.Test", "test\FluentRest.Test\FluentRest.Test.csproj", "{1A9C4198-B354-4DDB-B9A5-9D66387E1BA3}"
EndProject
Project("{FAE04EC0-301F-11D3-BF4B-00C04F79EFBC}") = "FluentRest.EntityFrameworkCore", "src\FluentRest.EntityFrameworkCore\FluentRest.EntityFrameworkCore.csproj", "{1AFA1093-05D5-49F7-961D-A4C209309CC9}"
EndProject
Project("{2150E333-8FDC-42A3-9474-1A3956D46DE8}") = "Solution Items", "Solution Items", "{28B7BFB0-AE89-4FD5-8E55-1EA9E5311FE9}"
	ProjectSection(SolutionItems) = preProject
		stylecop.json = stylecop.json
	EndProjectSection
EndProject
Project("{FAE04EC0-301F-11D3-BF4B-00C04F79EFBC}") = "FluentRest.EntityFrameworkCore.Test", "test\FluentRest.EntityFrameworkCore.Test\FluentRest.EntityFrameworkCore.Test.csproj", "{9E90CFF0-8A96-49EF-8B3A-D2951F2212EE}"
EndProject
Global
	GlobalSection(SolutionConfigurationPlatforms) = preSolution
		Debug|Any CPU = Debug|Any CPU
		Release|Any CPU = Release|Any CPU
	EndGlobalSection
	GlobalSection(ProjectConfigurationPlatforms) = postSolution
		{9B8C4F35-F441-43A2-8588-B73168BF0BDC}.Debug|Any CPU.ActiveCfg = Debug|Any CPU
		{9B8C4F35-F441-43A2-8588-B73168BF0BDC}.Debug|Any CPU.Build.0 = Debug|Any CPU
		{9B8C4F35-F441-43A2-8588-B73168BF0BDC}.Release|Any CPU.ActiveCfg = Release|Any CPU
		{9B8C4F35-F441-43A2-8588-B73168BF0BDC}.Release|Any CPU.Build.0 = Release|Any CPU
		{1A9C4198-B354-4DDB-B9A5-9D66387E1BA3}.Debug|Any CPU.ActiveCfg = Debug|Any CPU
		{1A9C4198-B354-4DDB-B9A5-9D66387E1BA3}.Debug|Any CPU.Build.0 = Debug|Any CPU
		{1A9C4198-B354-4DDB-B9A5-9D66387E1BA3}.Release|Any CPU.ActiveCfg = Release|Any CPU
		{1A9C4198-B354-4DDB-B9A5-9D66387E1BA3}.Release|Any CPU.Build.0 = Release|Any CPU
		{1AFA1093-05D5-49F7-961D-A4C209309CC9}.Debug|Any CPU.ActiveCfg = Debug|Any CPU
		{1AFA1093-05D5-49F7-961D-A4C209309CC9}.Debug|Any CPU.Build.0 = Debug|Any CPU
		{1AFA1093-05D5-49F7-961D-A4C209309CC9}.Release|Any CPU.ActiveCfg = Release|Any CPU
		{1AFA1093-05D5-49F7-961D-A4C209309CC9}.Release|Any CPU.Build.0 = Release|Any CPU
		{9E90CFF0-8A96-49EF-8B3A-D2951F2212EE}.Debug|Any CPU.ActiveCfg = Debug|Any CPU
		{9E90CFF0-8A96-49EF-8B3A-D2951F2212EE}.Debug|Any CPU.Build.0 = Debug|Any CPU
		{9E90CFF0-8A96-49EF-8B3A-D2951F2212EE}.Release|Any CPU.ActiveCfg = Release|Any CPU
		{9E90CFF0-8A96-49EF-8B3A-D2951F2212EE}.Release|Any CPU.Build.0 = Release|Any CPU
	EndGlobalSection
	GlobalSection(SolutionProperties) = preSolution
		HideSolutionNode = FALSE
	EndGlobalSection
	GlobalSection(NestedProjects) = preSolution
		{9B8C4F35-F441-43A2-8588-B73168BF0BDC} = {8E9EC114-FABE-416A-9C9A-6163EAD3F66A}
		{1A9C4198-B354-4DDB-B9A5-9D66387E1BA3} = {27FAFE5F-206D-4069-BD88-B25C459AC4E4}
		{1AFA1093-05D5-49F7-961D-A4C209309CC9} = {8E9EC114-FABE-416A-9C9A-6163EAD3F66A}
		{9E90CFF0-8A96-49EF-8B3A-D2951F2212EE} = {27FAFE5F-206D-4069-BD88-B25C459AC4E4}
	EndGlobalSection
EndGlobal
